
Microsoft Visual Studio Solution File, Format Version 12.00
# Visual Studio Version 16
VisualStudioVersion = 16.0.31112.23
MinimumVisualStudioVersion = 10.0.40219.1
Project("{FAE04EC0-301F-11D3-BF4B-00C04F79EFBC}") = "PatientWebApp", "PatientWebApp\PatientWebApp.csproj", "{BAB50F6D-B615-4122-91AA-4932E85247E4}"
EndProject
Global
	GlobalSection(SolutionConfigurationPlatforms) = preSolution
		Debug|Any CPU = Debug|Any CPU
		Release|Any CPU = Release|Any CPU
	EndGlobalSection
	GlobalSection(ProjectConfigurationPlatforms) = postSolution
		{BAB50F6D-B615-4122-91AA-4932E85247E4}.Debug|Any CPU.ActiveCfg = Debug|Any CPU
		{BAB50F6D-B615-4122-91AA-4932E85247E4}.Debug|Any CPU.Build.0 = Debug|Any CPU
		{BAB50F6D-B615-4122-91AA-4932E85247E4}.Release|Any CPU.ActiveCfg = Release|Any CPU
		{BAB50F6D-B615-4122-91AA-4932E85247E4}.Release|Any CPU.Build.0 = Release|Any CPU
	EndGlobalSection
	GlobalSection(SolutionProperties) = preSolution
		HideSolutionNode = FALSE
	EndGlobalSection
	GlobalSection(ExtensibilityGlobals) = postSolution
		SolutionGuid = {57571335-7703-4BD6-9243-040D8D269ED3}
	EndGlobalSection
EndGlobal
